
Microsoft Visual Studio Solution File, Format Version 12.00
# Visual Studio Version 17
VisualStudioVersion = 17.1.32319.34
MinimumVisualStudioVersion = 10.0.40219.1
Project("{9A19103F-16F7-4668-BE54-9A1E7A4F7556}") = "TruckTicketingCLI", "TruckTicketingCLI.csproj", "{345EF861-C5A1-44B4-8C9B-4327B0D25E72}"
EndProject
Global
	GlobalSection(SolutionConfigurationPlatforms) = preSolution
		Debug|Any CPU = Debug|Any CPU
		Release|Any CPU = Release|Any CPU
	EndGlobalSection
	GlobalSection(ProjectConfigurationPlatforms) = postSolution
		{345EF861-C5A1-44B4-8C9B-4327B0D25E72}.Debug|Any CPU.ActiveCfg = Debug|Any CPU
		{345EF861-C5A1-44B4-8C9B-4327B0D25E72}.Debug|Any CPU.Build.0 = Debug|Any CPU
		{345EF861-C5A1-44B4-8C9B-4327B0D25E72}.Release|Any CPU.ActiveCfg = Release|Any CPU
		{345EF861-C5A1-44B4-8C9B-4327B0D25E72}.Release|Any CPU.Build.0 = Release|Any CPU
	EndGlobalSection
	GlobalSection(SolutionProperties) = preSolution
		HideSolutionNode = FALSE
	EndGlobalSection
	GlobalSection(ExtensibilityGlobals) = postSolution
		SolutionGuid = {CABA7213-4182-4785-81DB-C442BDB9BDA4}
	EndGlobalSection
EndGlobal
