
Microsoft Visual Studio Solution File, Format Version 12.00
# Visual Studio Version 17
VisualStudioVersion = 17.1.32328.378
MinimumVisualStudioVersion = 10.0.40219.1
Project("{2150E333-8FDC-42A3-9474-1A3956D46DE8}") = "Tests", "Tests", "{8DC87A67-8664-4042-8694-CD16C6FA377F}"
EndProject
Project("{2150E333-8FDC-42A3-9474-1A3956D46DE8}") = "1. Trident", "1. Trident", "{CC2E6C6F-908B-4EC6-9961-CD62A19D8C61}"
EndProject
Project("{2150E333-8FDC-42A3-9474-1A3956D46DE8}") = "5. TruckTicketing", "5. TruckTicketing", "{259AD98F-9768-4C20-89AA-6211FD613C93}"
EndProject
Project("{2150E333-8FDC-42A3-9474-1A3956D46DE8}") = "Hosts", "Hosts", "{25C5C295-AA0B-4345-B38D-66EB1DC8031F}"
EndProject
Project("{2150E333-8FDC-42A3-9474-1A3956D46DE8}") = "Core", "Core", "{A3B0FC76-1886-47B2-BF9B-638FD04DE24E}"
EndProject
Project("{9A19103F-16F7-4668-BE54-9A1E7A4F7556}") = "SE.Integrations.Api", "IntegrationService\Hosts\SE.Integrations.Api\SE.Integrations.Api.csproj", "{6EDC9077-2159-4924-A873-79064272246D}"
EndProject
Project("{9A19103F-16F7-4668-BE54-9A1E7A4F7556}") = "SE.TruckTicketing.Client", "TruckTicketing\Hosts\SE.TruckTicketing.Client\SE.TruckTicketing.Client.csproj", "{D985DD30-E68F-4E7E-8106-EC56CE865516}"
EndProject
Project("{9A19103F-16F7-4668-BE54-9A1E7A4F7556}") = "SE.TruckTicketing.UI", "TruckTicketing\Core\SE.TruckTicketing.UI\SE.TruckTicketing.UI.csproj", "{EB9D882A-61D9-4A5D-84F0-213970E2A19E}"
EndProject
Project("{9A19103F-16F7-4668-BE54-9A1E7A4F7556}") = "SE.Integrations.Api.Tests", "IntegrationService\Tests\SE.Integrations.Api.Tests\SE.Integrations.Api.Tests.csproj", "{BC41DD7E-888B-4FFA-AFF5-096751B705EF}"
EndProject
Project("{9A19103F-16F7-4668-BE54-9A1E7A4F7556}") = "SE.TruckTicketing.Client.Tests", "TruckTicketing\Tests\SE.TruckTicketing.Client.Tests\SE.TruckTicketing.Client.Tests.csproj", "{33030310-A7F6-4F9E-9C36-865475AD3216}"
EndProject
Project("{9A19103F-16F7-4668-BE54-9A1E7A4F7556}") = "SE.BillingService.Api", "BillingService\Hosts\SE.BillingService.Api\SE.BillingService.Api.csproj", "{CE1725EA-E98E-4EDC-83B8-5064FBF8AE66}"
EndProject
Project("{9A19103F-16F7-4668-BE54-9A1E7A4F7556}") = "SE.TruckTicketing.Api", "TruckTicketing\Hosts\SE.TruckTicketing.Api\SE.TruckTicketing.Api.csproj", "{2E92B40B-D288-4EDE-A490-2CB6A58372ED}"
EndProject
Project("{9A19103F-16F7-4668-BE54-9A1E7A4F7556}") = "SE.TokenService.Api", "TokenService\Hosts\SE.TokenService.Api\SE.TokenService.Api.csproj", "{184C47CB-1488-4BFC-AC89-F9EEF543590F}"
EndProject
Project("{9A19103F-16F7-4668-BE54-9A1E7A4F7556}") = "SE.BillingService.Api.Tests", "BillingService\Tests\SE.BillingService.Api.Tests\SE.BillingService.Api.Tests.csproj", "{90215138-5970-422D-BBA0-AB9034C97031}"
EndProject
Project("{9A19103F-16F7-4668-BE54-9A1E7A4F7556}") = "SE.TokenService.Api.Tests", "TokenService\Tests\SE.TokenService.Api.Tests\SE.TokenService.Api.Tests.csproj", "{DEAA99B9-1090-4B72-AA60-C6923C987308}"
EndProject
Project("{9A19103F-16F7-4668-BE54-9A1E7A4F7556}") = "SE.TruckTicketing.Api.Tests", "TruckTicketing\Tests\SE.TruckTicketing.Api.Tests\SE.TruckTicketing.Api.Tests.csproj", "{CC0C87A9-AB88-4E3F-9124-C39291E7FE95}"
EndProject
Project("{9A19103F-16F7-4668-BE54-9A1E7A4F7556}") = "SE.TruckTicketing.Contracts.Api", "TruckTicketing\Core\SE.TruckTicketing.Contracts.Api\SE.TruckTicketing.Contracts.Api.csproj", "{B9D37237-3D30-4380-8064-F7BBA3860C67}"
EndProject
Project("{9A19103F-16F7-4668-BE54-9A1E7A4F7556}") = "SE.BillingService.Contracts.Api", "BillingService\Core\SE.BillingService.Contracts.Api\SE.BillingService.Contracts.Api.csproj", "{59CAB6AF-24B0-4AC3-BE72-5A71C9E9C625}"
EndProject
Project("{9A19103F-16F7-4668-BE54-9A1E7A4F7556}") = "SE.TokenService.Contracts.Api", "TokenService\Core\SE.TokenService.Contracts.Api\SE.TokenService.Contracts.Api.csproj", "{C378914B-20DF-4F72-B255-7AA4F6322E15}"
EndProject
Project("{9A19103F-16F7-4668-BE54-9A1E7A4F7556}") = "SE.Integrations.Contracts.Api", "IntegrationService\Core\SE.Integrations.Contracts.Api\SE.Integrations.Contracts.Api.csproj", "{77FF59A2-AD15-43E1-99EC-FE3AD7643F88}"
EndProject
Project("{9A19103F-16F7-4668-BE54-9A1E7A4F7556}") = "SE.TruckTicketing.Domain", "TruckTicketing\Core\SE.TruckTicketing.Domain\SE.TruckTicketing.Domain.csproj", "{0F566A4D-869C-4749-A86C-B7AAE1A797AC}"
EndProject
Project("{9A19103F-16F7-4668-BE54-9A1E7A4F7556}") = "SE.BillingService.Domain", "BillingService\Core\SE.BillingService.Domain\SE.BillingService.Domain.csproj", "{4CBA404B-7857-4D36-B724-BBB52F81F065}"
EndProject
Project("{9A19103F-16F7-4668-BE54-9A1E7A4F7556}") = "SE.TokenService.Domain", "TokenService\Core\SE.TokenService.Domain\SE.TokenService.Domain.csproj", "{63417FF3-1037-4FA8-B5E6-E25961B107DF}"
EndProject
Project("{9A19103F-16F7-4668-BE54-9A1E7A4F7556}") = "SE.Integrations.Domain", "IntegrationService\Core\SE.Integrations.Domain\SE.Integrations.Domain.csproj", "{14830AE2-DE3C-435C-806F-B7AEAB668A8B}"
EndProject
Project("{9A19103F-16F7-4668-BE54-9A1E7A4F7556}") = "SE.Enterprise.Contracts", "Shared\Core\SE.Enterprise.Contracts\SE.Enterprise.Contracts.csproj", "{665A3DA6-794F-408C-B581-149BECB3BCBC}"
EndProject
Project("{2150E333-8FDC-42A3-9474-1A3956D46DE8}") = "6. BillingService", "6. BillingService", "{8AD94444-DB9B-4DDF-9F9F-AA57FB56CD2C}"
EndProject
Project("{2150E333-8FDC-42A3-9474-1A3956D46DE8}") = "4. IntegrationService", "4. IntegrationService", "{2FE55C8D-A1FA-4C28-B16C-0162626DFC30}"
EndProject
Project("{2150E333-8FDC-42A3-9474-1A3956D46DE8}") = "Hosts", "Hosts", "{3FDE3836-D605-4A21-8E9F-187AC37BD6FD}"
EndProject
Project("{2150E333-8FDC-42A3-9474-1A3956D46DE8}") = "Tests", "Tests", "{A5C4BA81-77B7-4ABA-9EED-99A08F55488E}"
EndProject
Project("{2150E333-8FDC-42A3-9474-1A3956D46DE8}") = "Core", "Core", "{DD9B672E-3AE5-4A5E-A0B5-C6215624F43B}"
EndProject
Project("{2150E333-8FDC-42A3-9474-1A3956D46DE8}") = "2. Shared", "2. Shared", "{084AFEDB-83E4-4BA1-8663-B840EECE4844}"
EndProject
Project("{9A19103F-16F7-4668-BE54-9A1E7A4F7556}") = "SE.TridentContrib.Extensions", "Shared\Core\SE.Trident.Extensions\SE.TridentContrib.Extensions.csproj", "{E253D961-9CCD-4F49-84FE-53E35898B7B2}"
EndProject
Project("{2150E333-8FDC-42A3-9474-1A3956D46DE8}") = "3. TokenService", "3. TokenService", "{1CE8A657-0518-45F9-A3DC-27F19B291253}"
EndProject
Project("{2150E333-8FDC-42A3-9474-1A3956D46DE8}") = "Core", "Core", "{49657876-3B60-4F47-B28A-3D38A6C36BC5}"
EndProject
Project("{2150E333-8FDC-42A3-9474-1A3956D46DE8}") = "Hosts", "Hosts", "{1CB44703-E6A6-4E25-920F-E95118731220}"
EndProject
Project("{2150E333-8FDC-42A3-9474-1A3956D46DE8}") = "Tests", "Tests", "{9D1A0EE8-550E-4185-9B26-91F06526F308}"
EndProject
Project("{2150E333-8FDC-42A3-9474-1A3956D46DE8}") = "Hosts", "Hosts", "{7DFBAC6A-C149-4E56-8A4A-0AC8CB48598A}"
EndProject
Project("{2150E333-8FDC-42A3-9474-1A3956D46DE8}") = "Tests", "Tests", "{F17F28E1-6FD1-40E2-BC31-C91C80E00D99}"
EndProject
Project("{2150E333-8FDC-42A3-9474-1A3956D46DE8}") = "Core", "Core", "{62F86EFE-8C7B-4609-AA91-CFCE9D42D7FB}"
EndProject
Project("{2150E333-8FDC-42A3-9474-1A3956D46DE8}") = "7. Tools", "7. Tools", "{11AA42C8-0025-4CBD-A983-EAB3EE35E17B}"
EndProject
Project("{9A19103F-16F7-4668-BE54-9A1E7A4F7556}") = "TruckTicketingCLI", "Tools\TruckTicketingCLI\TruckTicketingCLI.csproj", "{DB8560BE-602A-44AB-9D4F-C6BB3FBAD598}"
EndProject
Project("{2150E333-8FDC-42A3-9474-1A3956D46DE8}") = "Tests", "Tests", "{918CF200-E11E-41D6-938A-FF087ADF2753}"
EndProject
Project("{9A19103F-16F7-4668-BE54-9A1E7A4F7556}") = "Trident", "..\Trident\Core\Trident\Trident.csproj", "{EE25FEF0-F53B-4D19-82CB-0906533BC546}"
EndProject
Project("{9A19103F-16F7-4668-BE54-9A1E7A4F7556}") = "Trident.Azure", "..\Trident\Core\Trident.Azure\Trident.Azure.csproj", "{16009747-951B-483E-AD5D-AA541310760C}"
EndProject
Project("{9A19103F-16F7-4668-BE54-9A1E7A4F7556}") = "Trident.Cosmos", "..\Trident\Core\Trident.ConsmosHttpClient\Trident.Cosmos.csproj", "{0F42F323-27DE-4CAF-8A8B-FDE7A451C0F3}"
EndProject
Project("{9A19103F-16F7-4668-BE54-9A1E7A4F7556}") = "Trident.Contracts", "..\Trident\Core\Trident.Contracts\Trident.Contracts.csproj", "{AED57B87-145D-43D6-A882-22895E78357D}"
EndProject
Project("{9A19103F-16F7-4668-BE54-9A1E7A4F7556}") = "Trident.Contracts.Api", "..\Trident\Core\Trident.Contracts.Api\Trident.Contracts.Api.csproj", "{72E52C25-FB33-484B-B7D5-C304FBAF151D}"
EndProject
Project("{9A19103F-16F7-4668-BE54-9A1E7A4F7556}") = "Trident.EFCore", "..\Trident\Core\Trident.EFCore\Trident.EFCore.csproj", "{3F150450-3653-4727-A72D-C508A46FAF2F}"
EndProject
Project("{9A19103F-16F7-4668-BE54-9A1E7A4F7556}") = "Trident.Data.RestSharp", "..\Trident\Core\Trident.Data.RestSharp\Trident.Data.RestSharp.csproj", "{1698E966-C855-4FEA-BC9F-BC1D6ECE11A6}"
EndProject
Project("{9A19103F-16F7-4668-BE54-9A1E7A4F7556}") = "Trident.Extensions", "..\Trident\Core\Trident.Extensions\Trident.Extensions.csproj", "{6E1E054E-28E2-46A7-9E00-80C38A83AF5A}"
EndProject
Project("{9A19103F-16F7-4668-BE54-9A1E7A4F7556}") = "Trident.Extensions.Autofac", "..\Trident\Core\Trident.Extensions.Autofac\Trident.Extensions.Autofac.csproj", "{A36FB229-C262-476E-A4AC-B23CD163A9A0}"
EndProject
Project("{9A19103F-16F7-4668-BE54-9A1E7A4F7556}") = "Trident.Extensions.AutoMapper", "..\Trident\Core\Trident.Extensions.AutoMapper\Trident.Extensions.AutoMapper.csproj", "{66E72CDE-522C-4745-A81D-4742412AF45C}"
EndProject
Project("{9A19103F-16F7-4668-BE54-9A1E7A4F7556}") = "Trident.Extensions.OpenApi", "..\Trident\Core\Trident.Extensions.OpenApi\Trident.Extensions.OpenApi.csproj", "{F51E82BA-1B6F-4BE0-A5C2-44C07801B52B}"
EndProject
Project("{9A19103F-16F7-4668-BE54-9A1E7A4F7556}") = "Trident.IoC", "..\Trident\Core\Trident.IoC\Trident.IoC.csproj", "{21BF5C83-6BF4-4D52-9C94-B71E3CE7337F}"
EndProject
Project("{9A19103F-16F7-4668-BE54-9A1E7A4F7556}") = "Trident.UI.Blazor", "..\Trident\Core\Trident.UI.Blazor\Trident.UI.Blazor.csproj", "{5F177715-D297-43F6-B0B7-06D7E90FB229}"
EndProject
Project("{9A19103F-16F7-4668-BE54-9A1E7A4F7556}") = "Trident.Testing", "..\Trident\Core\Trident.Testing\Trident.Testing.csproj", "{E0FB2CB7-229C-408D-80CC-935F020EA367}"
EndProject
Project("{9A19103F-16F7-4668-BE54-9A1E7A4F7556}") = "Trident.UI.Client", "..\Trident\Core\Trident.UI.Client\Trident.UI.Client.csproj", "{433083A5-7A90-4A95-87BF-B7DE53D2AC4B}"
EndProject
Project("{9A19103F-16F7-4668-BE54-9A1E7A4F7556}") = "SE.TruckTicketing.Contracts", "Shared\Core\SE.TruckTicketing.Contracts\SE.TruckTicketing.Contracts.csproj", "{B4958A97-FBD4-4EBE-B859-242887018A3F}"
EndProject
Project("{9A19103F-16F7-4668-BE54-9A1E7A4F7556}") = "SE.TruckTicketing.UI.Tests", "TruckTicketing\Tests\SE.TruckTicketing.UI.Tests\SE.TruckTicketing.UI.Tests.csproj", "{5302107E-235F-41D0-874C-F4C950EB0507}"
EndProject
Project("{9A19103F-16F7-4668-BE54-9A1E7A4F7556}") = "SE.TruckTicketing.Domain.Tests", "TruckTicketing\Tests\SE.TruckTicketing.Domain.Tests\SE.TruckTicketing.Domain.Tests.csproj", "{D47B9FE1-19DC-464A-A1E5-B131B511847D}"
EndProject
Project("{9A19103F-16F7-4668-BE54-9A1E7A4F7556}") = "Trident.Security", "..\Trident\Core\Trident.Security\Trident.Security.csproj", "{5C175595-2ADF-458F-8302-D81815055653}"
EndProject
Project("{2150E333-8FDC-42A3-9474-1A3956D46DE8}") = "Core", "Core", "{0C625F17-CA29-443A-A423-92D8937008C9}"
EndProject
Project("{9A19103F-16F7-4668-BE54-9A1E7A4F7556}") = "SE.Shared.Domain", "Shared\Core\SE.Shared.Domain\SE.Shared.Domain.csproj", "{99C8D69F-58BF-48CB-9D8E-3782444493F0}"
EndProject
Project("{9A19103F-16F7-4668-BE54-9A1E7A4F7556}") = "SE.Shared.Common", "Shared\Core\SE.Shared.Common\SE.Shared.Common.csproj", "{7B459273-913F-4263-8185-B2E21FBCB067}"
EndProject
Project("{9A19103F-16F7-4668-BE54-9A1E7A4F7556}") = "Trident.SourceGeneration", "Shared\Core\Trident.SourceGeneration\Trident.SourceGeneration.csproj", "{DA936935-6FBA-4481-8814-C9C11DBE0730}"
EndProject
Project("{9A19103F-16F7-4668-BE54-9A1E7A4F7556}") = "Trident.SourceGeneration.Attributes", "Shared\Core\Trident.SourceGeneration.Attributes\Trident.SourceGeneration.Attributes.csproj", "{D6272094-2A8A-4D46-BFB5-73A45EA92A80}"
EndProject
Project("{9A19103F-16F7-4668-BE54-9A1E7A4F7556}") = "SE.Shared.Common.Tests", "Shared\Tests\SE.Shared.Common.Tests\SE.Shared.Common.Tests.csproj", "{2FF0E434-91BC-4628-AE6F-DFB594674CF1}"
EndProject
Project("{9A19103F-16F7-4668-BE54-9A1E7A4F7556}") = "SE.Integrations.Domain.Tests", "IntegrationService\Tests\SE.Integrations.Domain.Tests\SE.Integrations.Domain.Tests.csproj", "{FBADF852-398E-45EC-8C8F-2037E6394C78}"
EndProject
Project("{9A19103F-16F7-4668-BE54-9A1E7A4F7556}") = "SE.TokenService.Domain.Tests", "TokenService\Tests\SE.TokenService.Domain.Tests\SE.TokenService.Domain.Tests.csproj", "{1DC2820D-5A57-4B2E-9A19-2FE8E45B58D5}"
EndProject
Project("{9A19103F-16F7-4668-BE54-9A1E7A4F7556}") = "SE.Shared.Domain.Tests", "Shared\Tests\SE.Shared.Domain.Tests\SE.Shared.Domain.Tests.csproj", "{600AA315-E7AD-4BFA-AFA5-25661C038157}"
EndProject
Project("{9A19103F-16F7-4668-BE54-9A1E7A4F7556}") = "SE.BillingService.Domain.Tests", "BillingService\Tests\SE.BillingService.Domain.Tests\SE.BillingService.Domain.Tests.csproj", "{FEAC4550-7D47-4AD4-850C-3788FAF8442F}"
EndProject
Project("{9A19103F-16F7-4668-BE54-9A1E7A4F7556}") = "SE.TridentContrib.Extensions.Security", "Shared\Core\SE.TridentContrib.Extensions.Security\SE.TridentContrib.Extensions.Security.csproj", "{650416B8-7111-44A7-A138-D755BAA452FF}"
EndProject
Project("{9A19103F-16F7-4668-BE54-9A1E7A4F7556}") = "SE.TridentContrib.Extensions.Security.Tests", "Shared\Tests\SE.TridentContrib.Extensions.Security.Tests\SE.TridentContrib.Extensions.Security.Tests.csproj", "{0FD3F95E-527C-4493-8383-DED6E09A3351}"
EndProject
Project("{9A19103F-16F7-4668-BE54-9A1E7A4F7556}") = "SE.Shared.Functions", "Shared\Core\SE.Shared.Functions\SE.Shared.Functions.csproj", "{6DC39380-9591-418C-A883-101F05080713}"
EndProject
Project("{9A19103F-16F7-4668-BE54-9A1E7A4F7556}") = "SE.Shared.Domain.Email.Tests", "Shared\Tests\SE.Shared.Domain.Email.Tests\SE.Shared.Domain.Email.Tests.csproj", "{932EC50B-F968-4B95-A295-D3D2EC7AD533}"
EndProject
Global
	GlobalSection(SolutionConfigurationPlatforms) = preSolution
		Debug|Any CPU = Debug|Any CPU
		Release|Any CPU = Release|Any CPU
	EndGlobalSection
	GlobalSection(ProjectConfigurationPlatforms) = postSolution
		{6EDC9077-2159-4924-A873-79064272246D}.Debug|Any CPU.ActiveCfg = Debug|Any CPU
		{6EDC9077-2159-4924-A873-79064272246D}.Debug|Any CPU.Build.0 = Debug|Any CPU
		{6EDC9077-2159-4924-A873-79064272246D}.Release|Any CPU.ActiveCfg = Release|Any CPU
		{6EDC9077-2159-4924-A873-79064272246D}.Release|Any CPU.Build.0 = Release|Any CPU
		{D985DD30-E68F-4E7E-8106-EC56CE865516}.Debug|Any CPU.ActiveCfg = Debug|Any CPU
		{D985DD30-E68F-4E7E-8106-EC56CE865516}.Debug|Any CPU.Build.0 = Debug|Any CPU
		{D985DD30-E68F-4E7E-8106-EC56CE865516}.Release|Any CPU.ActiveCfg = Release|Any CPU
		{D985DD30-E68F-4E7E-8106-EC56CE865516}.Release|Any CPU.Build.0 = Release|Any CPU
		{EB9D882A-61D9-4A5D-84F0-213970E2A19E}.Debug|Any CPU.ActiveCfg = Debug|Any CPU
		{EB9D882A-61D9-4A5D-84F0-213970E2A19E}.Debug|Any CPU.Build.0 = Debug|Any CPU
		{EB9D882A-61D9-4A5D-84F0-213970E2A19E}.Release|Any CPU.ActiveCfg = Release|Any CPU
		{EB9D882A-61D9-4A5D-84F0-213970E2A19E}.Release|Any CPU.Build.0 = Release|Any CPU
		{BC41DD7E-888B-4FFA-AFF5-096751B705EF}.Debug|Any CPU.ActiveCfg = Debug|Any CPU
		{BC41DD7E-888B-4FFA-AFF5-096751B705EF}.Debug|Any CPU.Build.0 = Debug|Any CPU
		{BC41DD7E-888B-4FFA-AFF5-096751B705EF}.Release|Any CPU.ActiveCfg = Release|Any CPU
		{BC41DD7E-888B-4FFA-AFF5-096751B705EF}.Release|Any CPU.Build.0 = Release|Any CPU
		{33030310-A7F6-4F9E-9C36-865475AD3216}.Debug|Any CPU.ActiveCfg = Debug|Any CPU
		{33030310-A7F6-4F9E-9C36-865475AD3216}.Debug|Any CPU.Build.0 = Debug|Any CPU
		{33030310-A7F6-4F9E-9C36-865475AD3216}.Release|Any CPU.ActiveCfg = Release|Any CPU
		{33030310-A7F6-4F9E-9C36-865475AD3216}.Release|Any CPU.Build.0 = Release|Any CPU
		{CE1725EA-E98E-4EDC-83B8-5064FBF8AE66}.Debug|Any CPU.ActiveCfg = Debug|Any CPU
		{CE1725EA-E98E-4EDC-83B8-5064FBF8AE66}.Debug|Any CPU.Build.0 = Debug|Any CPU
		{CE1725EA-E98E-4EDC-83B8-5064FBF8AE66}.Release|Any CPU.ActiveCfg = Release|Any CPU
		{CE1725EA-E98E-4EDC-83B8-5064FBF8AE66}.Release|Any CPU.Build.0 = Release|Any CPU
		{2E92B40B-D288-4EDE-A490-2CB6A58372ED}.Debug|Any CPU.ActiveCfg = Debug|Any CPU
		{2E92B40B-D288-4EDE-A490-2CB6A58372ED}.Debug|Any CPU.Build.0 = Debug|Any CPU
		{2E92B40B-D288-4EDE-A490-2CB6A58372ED}.Release|Any CPU.ActiveCfg = Release|Any CPU
		{2E92B40B-D288-4EDE-A490-2CB6A58372ED}.Release|Any CPU.Build.0 = Release|Any CPU
		{184C47CB-1488-4BFC-AC89-F9EEF543590F}.Debug|Any CPU.ActiveCfg = Debug|Any CPU
		{184C47CB-1488-4BFC-AC89-F9EEF543590F}.Debug|Any CPU.Build.0 = Debug|Any CPU
		{184C47CB-1488-4BFC-AC89-F9EEF543590F}.Release|Any CPU.ActiveCfg = Release|Any CPU
		{184C47CB-1488-4BFC-AC89-F9EEF543590F}.Release|Any CPU.Build.0 = Release|Any CPU
		{90215138-5970-422D-BBA0-AB9034C97031}.Debug|Any CPU.ActiveCfg = Debug|Any CPU
		{90215138-5970-422D-BBA0-AB9034C97031}.Debug|Any CPU.Build.0 = Debug|Any CPU
		{90215138-5970-422D-BBA0-AB9034C97031}.Release|Any CPU.ActiveCfg = Release|Any CPU
		{90215138-5970-422D-BBA0-AB9034C97031}.Release|Any CPU.Build.0 = Release|Any CPU
		{DEAA99B9-1090-4B72-AA60-C6923C987308}.Debug|Any CPU.ActiveCfg = Debug|Any CPU
		{DEAA99B9-1090-4B72-AA60-C6923C987308}.Debug|Any CPU.Build.0 = Debug|Any CPU
		{DEAA99B9-1090-4B72-AA60-C6923C987308}.Release|Any CPU.ActiveCfg = Release|Any CPU
		{DEAA99B9-1090-4B72-AA60-C6923C987308}.Release|Any CPU.Build.0 = Release|Any CPU
		{CC0C87A9-AB88-4E3F-9124-C39291E7FE95}.Debug|Any CPU.ActiveCfg = Debug|Any CPU
		{CC0C87A9-AB88-4E3F-9124-C39291E7FE95}.Debug|Any CPU.Build.0 = Debug|Any CPU
		{CC0C87A9-AB88-4E3F-9124-C39291E7FE95}.Release|Any CPU.ActiveCfg = Release|Any CPU
		{CC0C87A9-AB88-4E3F-9124-C39291E7FE95}.Release|Any CPU.Build.0 = Release|Any CPU
		{B9D37237-3D30-4380-8064-F7BBA3860C67}.Debug|Any CPU.ActiveCfg = Debug|Any CPU
		{B9D37237-3D30-4380-8064-F7BBA3860C67}.Debug|Any CPU.Build.0 = Debug|Any CPU
		{B9D37237-3D30-4380-8064-F7BBA3860C67}.Release|Any CPU.ActiveCfg = Release|Any CPU
		{B9D37237-3D30-4380-8064-F7BBA3860C67}.Release|Any CPU.Build.0 = Release|Any CPU
		{59CAB6AF-24B0-4AC3-BE72-5A71C9E9C625}.Debug|Any CPU.ActiveCfg = Debug|Any CPU
		{59CAB6AF-24B0-4AC3-BE72-5A71C9E9C625}.Debug|Any CPU.Build.0 = Debug|Any CPU
		{59CAB6AF-24B0-4AC3-BE72-5A71C9E9C625}.Release|Any CPU.ActiveCfg = Release|Any CPU
		{59CAB6AF-24B0-4AC3-BE72-5A71C9E9C625}.Release|Any CPU.Build.0 = Release|Any CPU
		{C378914B-20DF-4F72-B255-7AA4F6322E15}.Debug|Any CPU.ActiveCfg = Debug|Any CPU
		{C378914B-20DF-4F72-B255-7AA4F6322E15}.Debug|Any CPU.Build.0 = Debug|Any CPU
		{C378914B-20DF-4F72-B255-7AA4F6322E15}.Release|Any CPU.ActiveCfg = Release|Any CPU
		{C378914B-20DF-4F72-B255-7AA4F6322E15}.Release|Any CPU.Build.0 = Release|Any CPU
		{77FF59A2-AD15-43E1-99EC-FE3AD7643F88}.Debug|Any CPU.ActiveCfg = Debug|Any CPU
		{77FF59A2-AD15-43E1-99EC-FE3AD7643F88}.Debug|Any CPU.Build.0 = Debug|Any CPU
		{77FF59A2-AD15-43E1-99EC-FE3AD7643F88}.Release|Any CPU.ActiveCfg = Release|Any CPU
		{77FF59A2-AD15-43E1-99EC-FE3AD7643F88}.Release|Any CPU.Build.0 = Release|Any CPU
		{0F566A4D-869C-4749-A86C-B7AAE1A797AC}.Debug|Any CPU.ActiveCfg = Debug|Any CPU
		{0F566A4D-869C-4749-A86C-B7AAE1A797AC}.Debug|Any CPU.Build.0 = Debug|Any CPU
		{0F566A4D-869C-4749-A86C-B7AAE1A797AC}.Release|Any CPU.ActiveCfg = Release|Any CPU
		{0F566A4D-869C-4749-A86C-B7AAE1A797AC}.Release|Any CPU.Build.0 = Release|Any CPU
		{4CBA404B-7857-4D36-B724-BBB52F81F065}.Debug|Any CPU.ActiveCfg = Debug|Any CPU
		{4CBA404B-7857-4D36-B724-BBB52F81F065}.Debug|Any CPU.Build.0 = Debug|Any CPU
		{4CBA404B-7857-4D36-B724-BBB52F81F065}.Release|Any CPU.ActiveCfg = Release|Any CPU
		{4CBA404B-7857-4D36-B724-BBB52F81F065}.Release|Any CPU.Build.0 = Release|Any CPU
		{63417FF3-1037-4FA8-B5E6-E25961B107DF}.Debug|Any CPU.ActiveCfg = Debug|Any CPU
		{63417FF3-1037-4FA8-B5E6-E25961B107DF}.Debug|Any CPU.Build.0 = Debug|Any CPU
		{63417FF3-1037-4FA8-B5E6-E25961B107DF}.Release|Any CPU.ActiveCfg = Release|Any CPU
		{63417FF3-1037-4FA8-B5E6-E25961B107DF}.Release|Any CPU.Build.0 = Release|Any CPU
		{14830AE2-DE3C-435C-806F-B7AEAB668A8B}.Debug|Any CPU.ActiveCfg = Debug|Any CPU
		{14830AE2-DE3C-435C-806F-B7AEAB668A8B}.Debug|Any CPU.Build.0 = Debug|Any CPU
		{14830AE2-DE3C-435C-806F-B7AEAB668A8B}.Release|Any CPU.ActiveCfg = Release|Any CPU
		{14830AE2-DE3C-435C-806F-B7AEAB668A8B}.Release|Any CPU.Build.0 = Release|Any CPU
		{665A3DA6-794F-408C-B581-149BECB3BCBC}.Debug|Any CPU.ActiveCfg = Debug|Any CPU
		{665A3DA6-794F-408C-B581-149BECB3BCBC}.Debug|Any CPU.Build.0 = Debug|Any CPU
		{665A3DA6-794F-408C-B581-149BECB3BCBC}.Release|Any CPU.ActiveCfg = Release|Any CPU
		{665A3DA6-794F-408C-B581-149BECB3BCBC}.Release|Any CPU.Build.0 = Release|Any CPU
		{E253D961-9CCD-4F49-84FE-53E35898B7B2}.Debug|Any CPU.ActiveCfg = Debug|Any CPU
		{E253D961-9CCD-4F49-84FE-53E35898B7B2}.Debug|Any CPU.Build.0 = Debug|Any CPU
		{E253D961-9CCD-4F49-84FE-53E35898B7B2}.Release|Any CPU.ActiveCfg = Release|Any CPU
		{E253D961-9CCD-4F49-84FE-53E35898B7B2}.Release|Any CPU.Build.0 = Release|Any CPU
		{DB8560BE-602A-44AB-9D4F-C6BB3FBAD598}.Debug|Any CPU.ActiveCfg = Debug|Any CPU
		{DB8560BE-602A-44AB-9D4F-C6BB3FBAD598}.Debug|Any CPU.Build.0 = Debug|Any CPU
		{DB8560BE-602A-44AB-9D4F-C6BB3FBAD598}.Release|Any CPU.ActiveCfg = Release|Any CPU
		{DB8560BE-602A-44AB-9D4F-C6BB3FBAD598}.Release|Any CPU.Build.0 = Release|Any CPU
		{EE25FEF0-F53B-4D19-82CB-0906533BC546}.Debug|Any CPU.ActiveCfg = Debug|Any CPU
		{EE25FEF0-F53B-4D19-82CB-0906533BC546}.Debug|Any CPU.Build.0 = Debug|Any CPU
		{EE25FEF0-F53B-4D19-82CB-0906533BC546}.Release|Any CPU.ActiveCfg = Release|Any CPU
		{EE25FEF0-F53B-4D19-82CB-0906533BC546}.Release|Any CPU.Build.0 = Release|Any CPU
		{16009747-951B-483E-AD5D-AA541310760C}.Debug|Any CPU.ActiveCfg = Debug|Any CPU
		{16009747-951B-483E-AD5D-AA541310760C}.Debug|Any CPU.Build.0 = Debug|Any CPU
		{16009747-951B-483E-AD5D-AA541310760C}.Release|Any CPU.ActiveCfg = Release|Any CPU
		{16009747-951B-483E-AD5D-AA541310760C}.Release|Any CPU.Build.0 = Release|Any CPU
		{0F42F323-27DE-4CAF-8A8B-FDE7A451C0F3}.Debug|Any CPU.ActiveCfg = Debug|Any CPU
		{0F42F323-27DE-4CAF-8A8B-FDE7A451C0F3}.Debug|Any CPU.Build.0 = Debug|Any CPU
		{0F42F323-27DE-4CAF-8A8B-FDE7A451C0F3}.Release|Any CPU.ActiveCfg = Release|Any CPU
		{0F42F323-27DE-4CAF-8A8B-FDE7A451C0F3}.Release|Any CPU.Build.0 = Release|Any CPU
		{AED57B87-145D-43D6-A882-22895E78357D}.Debug|Any CPU.ActiveCfg = Debug|Any CPU
		{AED57B87-145D-43D6-A882-22895E78357D}.Debug|Any CPU.Build.0 = Debug|Any CPU
		{AED57B87-145D-43D6-A882-22895E78357D}.Release|Any CPU.ActiveCfg = Release|Any CPU
		{AED57B87-145D-43D6-A882-22895E78357D}.Release|Any CPU.Build.0 = Release|Any CPU
		{72E52C25-FB33-484B-B7D5-C304FBAF151D}.Debug|Any CPU.ActiveCfg = Debug|Any CPU
		{72E52C25-FB33-484B-B7D5-C304FBAF151D}.Debug|Any CPU.Build.0 = Debug|Any CPU
		{72E52C25-FB33-484B-B7D5-C304FBAF151D}.Release|Any CPU.ActiveCfg = Release|Any CPU
		{72E52C25-FB33-484B-B7D5-C304FBAF151D}.Release|Any CPU.Build.0 = Release|Any CPU
		{3F150450-3653-4727-A72D-C508A46FAF2F}.Debug|Any CPU.ActiveCfg = Debug|Any CPU
		{3F150450-3653-4727-A72D-C508A46FAF2F}.Debug|Any CPU.Build.0 = Debug|Any CPU
		{3F150450-3653-4727-A72D-C508A46FAF2F}.Release|Any CPU.ActiveCfg = Release|Any CPU
		{3F150450-3653-4727-A72D-C508A46FAF2F}.Release|Any CPU.Build.0 = Release|Any CPU
		{1698E966-C855-4FEA-BC9F-BC1D6ECE11A6}.Debug|Any CPU.ActiveCfg = Debug|Any CPU
		{1698E966-C855-4FEA-BC9F-BC1D6ECE11A6}.Debug|Any CPU.Build.0 = Debug|Any CPU
		{1698E966-C855-4FEA-BC9F-BC1D6ECE11A6}.Release|Any CPU.ActiveCfg = Release|Any CPU
		{1698E966-C855-4FEA-BC9F-BC1D6ECE11A6}.Release|Any CPU.Build.0 = Release|Any CPU
		{6E1E054E-28E2-46A7-9E00-80C38A83AF5A}.Debug|Any CPU.ActiveCfg = Debug|Any CPU
		{6E1E054E-28E2-46A7-9E00-80C38A83AF5A}.Debug|Any CPU.Build.0 = Debug|Any CPU
		{6E1E054E-28E2-46A7-9E00-80C38A83AF5A}.Release|Any CPU.ActiveCfg = Release|Any CPU
		{6E1E054E-28E2-46A7-9E00-80C38A83AF5A}.Release|Any CPU.Build.0 = Release|Any CPU
		{A36FB229-C262-476E-A4AC-B23CD163A9A0}.Debug|Any CPU.ActiveCfg = Debug|Any CPU
		{A36FB229-C262-476E-A4AC-B23CD163A9A0}.Debug|Any CPU.Build.0 = Debug|Any CPU
		{A36FB229-C262-476E-A4AC-B23CD163A9A0}.Release|Any CPU.ActiveCfg = Release|Any CPU
		{A36FB229-C262-476E-A4AC-B23CD163A9A0}.Release|Any CPU.Build.0 = Release|Any CPU
		{66E72CDE-522C-4745-A81D-4742412AF45C}.Debug|Any CPU.ActiveCfg = Debug|Any CPU
		{66E72CDE-522C-4745-A81D-4742412AF45C}.Debug|Any CPU.Build.0 = Debug|Any CPU
		{66E72CDE-522C-4745-A81D-4742412AF45C}.Release|Any CPU.ActiveCfg = Release|Any CPU
		{66E72CDE-522C-4745-A81D-4742412AF45C}.Release|Any CPU.Build.0 = Release|Any CPU
		{F51E82BA-1B6F-4BE0-A5C2-44C07801B52B}.Debug|Any CPU.ActiveCfg = Debug|Any CPU
		{F51E82BA-1B6F-4BE0-A5C2-44C07801B52B}.Debug|Any CPU.Build.0 = Debug|Any CPU
		{F51E82BA-1B6F-4BE0-A5C2-44C07801B52B}.Release|Any CPU.ActiveCfg = Release|Any CPU
		{F51E82BA-1B6F-4BE0-A5C2-44C07801B52B}.Release|Any CPU.Build.0 = Release|Any CPU
		{21BF5C83-6BF4-4D52-9C94-B71E3CE7337F}.Debug|Any CPU.ActiveCfg = Debug|Any CPU
		{21BF5C83-6BF4-4D52-9C94-B71E3CE7337F}.Debug|Any CPU.Build.0 = Debug|Any CPU
		{21BF5C83-6BF4-4D52-9C94-B71E3CE7337F}.Release|Any CPU.ActiveCfg = Release|Any CPU
		{21BF5C83-6BF4-4D52-9C94-B71E3CE7337F}.Release|Any CPU.Build.0 = Release|Any CPU
		{5F177715-D297-43F6-B0B7-06D7E90FB229}.Debug|Any CPU.ActiveCfg = Debug|Any CPU
		{5F177715-D297-43F6-B0B7-06D7E90FB229}.Debug|Any CPU.Build.0 = Debug|Any CPU
		{5F177715-D297-43F6-B0B7-06D7E90FB229}.Release|Any CPU.ActiveCfg = Release|Any CPU
		{5F177715-D297-43F6-B0B7-06D7E90FB229}.Release|Any CPU.Build.0 = Release|Any CPU
		{E0FB2CB7-229C-408D-80CC-935F020EA367}.Debug|Any CPU.ActiveCfg = Debug|Any CPU
		{E0FB2CB7-229C-408D-80CC-935F020EA367}.Debug|Any CPU.Build.0 = Debug|Any CPU
		{E0FB2CB7-229C-408D-80CC-935F020EA367}.Release|Any CPU.ActiveCfg = Release|Any CPU
		{E0FB2CB7-229C-408D-80CC-935F020EA367}.Release|Any CPU.Build.0 = Release|Any CPU
		{433083A5-7A90-4A95-87BF-B7DE53D2AC4B}.Debug|Any CPU.ActiveCfg = Debug|Any CPU
		{433083A5-7A90-4A95-87BF-B7DE53D2AC4B}.Debug|Any CPU.Build.0 = Debug|Any CPU
		{433083A5-7A90-4A95-87BF-B7DE53D2AC4B}.Release|Any CPU.ActiveCfg = Release|Any CPU
		{433083A5-7A90-4A95-87BF-B7DE53D2AC4B}.Release|Any CPU.Build.0 = Release|Any CPU
		{B4958A97-FBD4-4EBE-B859-242887018A3F}.Debug|Any CPU.ActiveCfg = Debug|Any CPU
		{B4958A97-FBD4-4EBE-B859-242887018A3F}.Debug|Any CPU.Build.0 = Debug|Any CPU
		{B4958A97-FBD4-4EBE-B859-242887018A3F}.Release|Any CPU.ActiveCfg = Release|Any CPU
		{B4958A97-FBD4-4EBE-B859-242887018A3F}.Release|Any CPU.Build.0 = Release|Any CPU
		{5302107E-235F-41D0-874C-F4C950EB0507}.Debug|Any CPU.ActiveCfg = Debug|Any CPU
		{5302107E-235F-41D0-874C-F4C950EB0507}.Debug|Any CPU.Build.0 = Debug|Any CPU
		{5302107E-235F-41D0-874C-F4C950EB0507}.Release|Any CPU.ActiveCfg = Release|Any CPU
		{5302107E-235F-41D0-874C-F4C950EB0507}.Release|Any CPU.Build.0 = Release|Any CPU
		{D47B9FE1-19DC-464A-A1E5-B131B511847D}.Debug|Any CPU.ActiveCfg = Debug|Any CPU
		{D47B9FE1-19DC-464A-A1E5-B131B511847D}.Debug|Any CPU.Build.0 = Debug|Any CPU
		{D47B9FE1-19DC-464A-A1E5-B131B511847D}.Release|Any CPU.ActiveCfg = Release|Any CPU
		{D47B9FE1-19DC-464A-A1E5-B131B511847D}.Release|Any CPU.Build.0 = Release|Any CPU
		{5C175595-2ADF-458F-8302-D81815055653}.Debug|Any CPU.ActiveCfg = Debug|Any CPU
		{5C175595-2ADF-458F-8302-D81815055653}.Debug|Any CPU.Build.0 = Debug|Any CPU
		{5C175595-2ADF-458F-8302-D81815055653}.Release|Any CPU.ActiveCfg = Release|Any CPU
		{5C175595-2ADF-458F-8302-D81815055653}.Release|Any CPU.Build.0 = Release|Any CPU
		{99C8D69F-58BF-48CB-9D8E-3782444493F0}.Debug|Any CPU.ActiveCfg = Debug|Any CPU
		{99C8D69F-58BF-48CB-9D8E-3782444493F0}.Debug|Any CPU.Build.0 = Debug|Any CPU
		{99C8D69F-58BF-48CB-9D8E-3782444493F0}.Release|Any CPU.ActiveCfg = Release|Any CPU
		{99C8D69F-58BF-48CB-9D8E-3782444493F0}.Release|Any CPU.Build.0 = Release|Any CPU
		{7B459273-913F-4263-8185-B2E21FBCB067}.Debug|Any CPU.ActiveCfg = Debug|Any CPU
		{7B459273-913F-4263-8185-B2E21FBCB067}.Debug|Any CPU.Build.0 = Debug|Any CPU
		{7B459273-913F-4263-8185-B2E21FBCB067}.Release|Any CPU.ActiveCfg = Release|Any CPU
		{7B459273-913F-4263-8185-B2E21FBCB067}.Release|Any CPU.Build.0 = Release|Any CPU
		{DA936935-6FBA-4481-8814-C9C11DBE0730}.Debug|Any CPU.ActiveCfg = Debug|Any CPU
		{DA936935-6FBA-4481-8814-C9C11DBE0730}.Debug|Any CPU.Build.0 = Debug|Any CPU
		{DA936935-6FBA-4481-8814-C9C11DBE0730}.Release|Any CPU.ActiveCfg = Release|Any CPU
		{DA936935-6FBA-4481-8814-C9C11DBE0730}.Release|Any CPU.Build.0 = Release|Any CPU
		{D6272094-2A8A-4D46-BFB5-73A45EA92A80}.Debug|Any CPU.ActiveCfg = Debug|Any CPU
		{D6272094-2A8A-4D46-BFB5-73A45EA92A80}.Debug|Any CPU.Build.0 = Debug|Any CPU
		{D6272094-2A8A-4D46-BFB5-73A45EA92A80}.Release|Any CPU.ActiveCfg = Release|Any CPU
		{D6272094-2A8A-4D46-BFB5-73A45EA92A80}.Release|Any CPU.Build.0 = Release|Any CPU
		{2FF0E434-91BC-4628-AE6F-DFB594674CF1}.Debug|Any CPU.ActiveCfg = Debug|Any CPU
		{2FF0E434-91BC-4628-AE6F-DFB594674CF1}.Debug|Any CPU.Build.0 = Debug|Any CPU
		{2FF0E434-91BC-4628-AE6F-DFB594674CF1}.Release|Any CPU.ActiveCfg = Release|Any CPU
		{2FF0E434-91BC-4628-AE6F-DFB594674CF1}.Release|Any CPU.Build.0 = Release|Any CPU
		{FBADF852-398E-45EC-8C8F-2037E6394C78}.Debug|Any CPU.ActiveCfg = Debug|Any CPU
		{FBADF852-398E-45EC-8C8F-2037E6394C78}.Debug|Any CPU.Build.0 = Debug|Any CPU
		{FBADF852-398E-45EC-8C8F-2037E6394C78}.Release|Any CPU.ActiveCfg = Release|Any CPU
		{FBADF852-398E-45EC-8C8F-2037E6394C78}.Release|Any CPU.Build.0 = Release|Any CPU
		{1DC2820D-5A57-4B2E-9A19-2FE8E45B58D5}.Debug|Any CPU.ActiveCfg = Debug|Any CPU
		{1DC2820D-5A57-4B2E-9A19-2FE8E45B58D5}.Debug|Any CPU.Build.0 = Debug|Any CPU
		{1DC2820D-5A57-4B2E-9A19-2FE8E45B58D5}.Release|Any CPU.ActiveCfg = Release|Any CPU
		{1DC2820D-5A57-4B2E-9A19-2FE8E45B58D5}.Release|Any CPU.Build.0 = Release|Any CPU
		{600AA315-E7AD-4BFA-AFA5-25661C038157}.Debug|Any CPU.ActiveCfg = Debug|Any CPU
		{600AA315-E7AD-4BFA-AFA5-25661C038157}.Debug|Any CPU.Build.0 = Debug|Any CPU
		{600AA315-E7AD-4BFA-AFA5-25661C038157}.Release|Any CPU.ActiveCfg = Release|Any CPU
		{600AA315-E7AD-4BFA-AFA5-25661C038157}.Release|Any CPU.Build.0 = Release|Any CPU
		{FEAC4550-7D47-4AD4-850C-3788FAF8442F}.Debug|Any CPU.ActiveCfg = Debug|Any CPU
		{FEAC4550-7D47-4AD4-850C-3788FAF8442F}.Debug|Any CPU.Build.0 = Debug|Any CPU
		{FEAC4550-7D47-4AD4-850C-3788FAF8442F}.Release|Any CPU.ActiveCfg = Release|Any CPU
		{FEAC4550-7D47-4AD4-850C-3788FAF8442F}.Release|Any CPU.Build.0 = Release|Any CPU
		{650416B8-7111-44A7-A138-D755BAA452FF}.Debug|Any CPU.ActiveCfg = Debug|Any CPU
		{650416B8-7111-44A7-A138-D755BAA452FF}.Debug|Any CPU.Build.0 = Debug|Any CPU
		{650416B8-7111-44A7-A138-D755BAA452FF}.Release|Any CPU.ActiveCfg = Release|Any CPU
		{650416B8-7111-44A7-A138-D755BAA452FF}.Release|Any CPU.Build.0 = Release|Any CPU
		{0FD3F95E-527C-4493-8383-DED6E09A3351}.Debug|Any CPU.ActiveCfg = Debug|Any CPU
		{0FD3F95E-527C-4493-8383-DED6E09A3351}.Debug|Any CPU.Build.0 = Debug|Any CPU
		{0FD3F95E-527C-4493-8383-DED6E09A3351}.Release|Any CPU.ActiveCfg = Release|Any CPU
		{0FD3F95E-527C-4493-8383-DED6E09A3351}.Release|Any CPU.Build.0 = Release|Any CPU
		{6DC39380-9591-418C-A883-101F05080713}.Debug|Any CPU.ActiveCfg = Debug|Any CPU
		{6DC39380-9591-418C-A883-101F05080713}.Debug|Any CPU.Build.0 = Debug|Any CPU
		{6DC39380-9591-418C-A883-101F05080713}.Release|Any CPU.ActiveCfg = Release|Any CPU
		{6DC39380-9591-418C-A883-101F05080713}.Release|Any CPU.Build.0 = Release|Any CPU
		{932EC50B-F968-4B95-A295-D3D2EC7AD533}.Debug|Any CPU.ActiveCfg = Debug|Any CPU
		{932EC50B-F968-4B95-A295-D3D2EC7AD533}.Debug|Any CPU.Build.0 = Debug|Any CPU
		{932EC50B-F968-4B95-A295-D3D2EC7AD533}.Release|Any CPU.ActiveCfg = Release|Any CPU
		{932EC50B-F968-4B95-A295-D3D2EC7AD533}.Release|Any CPU.Build.0 = Release|Any CPU
	EndGlobalSection
	GlobalSection(SolutionProperties) = preSolution
		HideSolutionNode = FALSE
	EndGlobalSection
	GlobalSection(NestedProjects) = preSolution
		{8DC87A67-8664-4042-8694-CD16C6FA377F} = {259AD98F-9768-4C20-89AA-6211FD613C93}
		{25C5C295-AA0B-4345-B38D-66EB1DC8031F} = {259AD98F-9768-4C20-89AA-6211FD613C93}
		{A3B0FC76-1886-47B2-BF9B-638FD04DE24E} = {259AD98F-9768-4C20-89AA-6211FD613C93}
		{6EDC9077-2159-4924-A873-79064272246D} = {1CB44703-E6A6-4E25-920F-E95118731220}
		{D985DD30-E68F-4E7E-8106-EC56CE865516} = {25C5C295-AA0B-4345-B38D-66EB1DC8031F}
		{EB9D882A-61D9-4A5D-84F0-213970E2A19E} = {A3B0FC76-1886-47B2-BF9B-638FD04DE24E}
		{BC41DD7E-888B-4FFA-AFF5-096751B705EF} = {9D1A0EE8-550E-4185-9B26-91F06526F308}
		{33030310-A7F6-4F9E-9C36-865475AD3216} = {8DC87A67-8664-4042-8694-CD16C6FA377F}
		{CE1725EA-E98E-4EDC-83B8-5064FBF8AE66} = {3FDE3836-D605-4A21-8E9F-187AC37BD6FD}
		{2E92B40B-D288-4EDE-A490-2CB6A58372ED} = {25C5C295-AA0B-4345-B38D-66EB1DC8031F}
		{184C47CB-1488-4BFC-AC89-F9EEF543590F} = {7DFBAC6A-C149-4E56-8A4A-0AC8CB48598A}
		{90215138-5970-422D-BBA0-AB9034C97031} = {A5C4BA81-77B7-4ABA-9EED-99A08F55488E}
		{DEAA99B9-1090-4B72-AA60-C6923C987308} = {F17F28E1-6FD1-40E2-BC31-C91C80E00D99}
		{CC0C87A9-AB88-4E3F-9124-C39291E7FE95} = {8DC87A67-8664-4042-8694-CD16C6FA377F}
		{B9D37237-3D30-4380-8064-F7BBA3860C67} = {A3B0FC76-1886-47B2-BF9B-638FD04DE24E}
		{59CAB6AF-24B0-4AC3-BE72-5A71C9E9C625} = {DD9B672E-3AE5-4A5E-A0B5-C6215624F43B}
		{C378914B-20DF-4F72-B255-7AA4F6322E15} = {62F86EFE-8C7B-4609-AA91-CFCE9D42D7FB}
		{77FF59A2-AD15-43E1-99EC-FE3AD7643F88} = {49657876-3B60-4F47-B28A-3D38A6C36BC5}
		{0F566A4D-869C-4749-A86C-B7AAE1A797AC} = {A3B0FC76-1886-47B2-BF9B-638FD04DE24E}
		{4CBA404B-7857-4D36-B724-BBB52F81F065} = {DD9B672E-3AE5-4A5E-A0B5-C6215624F43B}
		{63417FF3-1037-4FA8-B5E6-E25961B107DF} = {62F86EFE-8C7B-4609-AA91-CFCE9D42D7FB}
		{14830AE2-DE3C-435C-806F-B7AEAB668A8B} = {49657876-3B60-4F47-B28A-3D38A6C36BC5}
		{665A3DA6-794F-408C-B581-149BECB3BCBC} = {0C625F17-CA29-443A-A423-92D8937008C9}
		{3FDE3836-D605-4A21-8E9F-187AC37BD6FD} = {8AD94444-DB9B-4DDF-9F9F-AA57FB56CD2C}
		{A5C4BA81-77B7-4ABA-9EED-99A08F55488E} = {8AD94444-DB9B-4DDF-9F9F-AA57FB56CD2C}
		{DD9B672E-3AE5-4A5E-A0B5-C6215624F43B} = {8AD94444-DB9B-4DDF-9F9F-AA57FB56CD2C}
		{E253D961-9CCD-4F49-84FE-53E35898B7B2} = {0C625F17-CA29-443A-A423-92D8937008C9}
		{49657876-3B60-4F47-B28A-3D38A6C36BC5} = {2FE55C8D-A1FA-4C28-B16C-0162626DFC30}
		{1CB44703-E6A6-4E25-920F-E95118731220} = {2FE55C8D-A1FA-4C28-B16C-0162626DFC30}
		{9D1A0EE8-550E-4185-9B26-91F06526F308} = {2FE55C8D-A1FA-4C28-B16C-0162626DFC30}
		{7DFBAC6A-C149-4E56-8A4A-0AC8CB48598A} = {1CE8A657-0518-45F9-A3DC-27F19B291253}
		{F17F28E1-6FD1-40E2-BC31-C91C80E00D99} = {1CE8A657-0518-45F9-A3DC-27F19B291253}
		{62F86EFE-8C7B-4609-AA91-CFCE9D42D7FB} = {1CE8A657-0518-45F9-A3DC-27F19B291253}
		{DB8560BE-602A-44AB-9D4F-C6BB3FBAD598} = {11AA42C8-0025-4CBD-A983-EAB3EE35E17B}
		{918CF200-E11E-41D6-938A-FF087ADF2753} = {084AFEDB-83E4-4BA1-8663-B840EECE4844}
		{EE25FEF0-F53B-4D19-82CB-0906533BC546} = {CC2E6C6F-908B-4EC6-9961-CD62A19D8C61}
		{16009747-951B-483E-AD5D-AA541310760C} = {CC2E6C6F-908B-4EC6-9961-CD62A19D8C61}
		{0F42F323-27DE-4CAF-8A8B-FDE7A451C0F3} = {CC2E6C6F-908B-4EC6-9961-CD62A19D8C61}
		{AED57B87-145D-43D6-A882-22895E78357D} = {CC2E6C6F-908B-4EC6-9961-CD62A19D8C61}
		{72E52C25-FB33-484B-B7D5-C304FBAF151D} = {CC2E6C6F-908B-4EC6-9961-CD62A19D8C61}
		{3F150450-3653-4727-A72D-C508A46FAF2F} = {CC2E6C6F-908B-4EC6-9961-CD62A19D8C61}
		{1698E966-C855-4FEA-BC9F-BC1D6ECE11A6} = {CC2E6C6F-908B-4EC6-9961-CD62A19D8C61}
		{6E1E054E-28E2-46A7-9E00-80C38A83AF5A} = {CC2E6C6F-908B-4EC6-9961-CD62A19D8C61}
		{A36FB229-C262-476E-A4AC-B23CD163A9A0} = {CC2E6C6F-908B-4EC6-9961-CD62A19D8C61}
		{66E72CDE-522C-4745-A81D-4742412AF45C} = {CC2E6C6F-908B-4EC6-9961-CD62A19D8C61}
		{F51E82BA-1B6F-4BE0-A5C2-44C07801B52B} = {CC2E6C6F-908B-4EC6-9961-CD62A19D8C61}
		{21BF5C83-6BF4-4D52-9C94-B71E3CE7337F} = {CC2E6C6F-908B-4EC6-9961-CD62A19D8C61}
		{5F177715-D297-43F6-B0B7-06D7E90FB229} = {CC2E6C6F-908B-4EC6-9961-CD62A19D8C61}
		{E0FB2CB7-229C-408D-80CC-935F020EA367} = {CC2E6C6F-908B-4EC6-9961-CD62A19D8C61}
		{433083A5-7A90-4A95-87BF-B7DE53D2AC4B} = {CC2E6C6F-908B-4EC6-9961-CD62A19D8C61}
		{B4958A97-FBD4-4EBE-B859-242887018A3F} = {0C625F17-CA29-443A-A423-92D8937008C9}
		{5302107E-235F-41D0-874C-F4C950EB0507} = {8DC87A67-8664-4042-8694-CD16C6FA377F}
		{D47B9FE1-19DC-464A-A1E5-B131B511847D} = {8DC87A67-8664-4042-8694-CD16C6FA377F}
		{5C175595-2ADF-458F-8302-D81815055653} = {CC2E6C6F-908B-4EC6-9961-CD62A19D8C61}
		{0C625F17-CA29-443A-A423-92D8937008C9} = {084AFEDB-83E4-4BA1-8663-B840EECE4844}
		{99C8D69F-58BF-48CB-9D8E-3782444493F0} = {0C625F17-CA29-443A-A423-92D8937008C9}
		{7B459273-913F-4263-8185-B2E21FBCB067} = {0C625F17-CA29-443A-A423-92D8937008C9}
		{DA936935-6FBA-4481-8814-C9C11DBE0730} = {0C625F17-CA29-443A-A423-92D8937008C9}
		{D6272094-2A8A-4D46-BFB5-73A45EA92A80} = {0C625F17-CA29-443A-A423-92D8937008C9}
		{2FF0E434-91BC-4628-AE6F-DFB594674CF1} = {918CF200-E11E-41D6-938A-FF087ADF2753}
		{FBADF852-398E-45EC-8C8F-2037E6394C78} = {9D1A0EE8-550E-4185-9B26-91F06526F308}
		{1DC2820D-5A57-4B2E-9A19-2FE8E45B58D5} = {F17F28E1-6FD1-40E2-BC31-C91C80E00D99}
		{600AA315-E7AD-4BFA-AFA5-25661C038157} = {918CF200-E11E-41D6-938A-FF087ADF2753}
		{FEAC4550-7D47-4AD4-850C-3788FAF8442F} = {A5C4BA81-77B7-4ABA-9EED-99A08F55488E}
		{650416B8-7111-44A7-A138-D755BAA452FF} = {0C625F17-CA29-443A-A423-92D8937008C9}
		{0FD3F95E-527C-4493-8383-DED6E09A3351} = {918CF200-E11E-41D6-938A-FF087ADF2753}
		{6DC39380-9591-418C-A883-101F05080713} = {0C625F17-CA29-443A-A423-92D8937008C9}
		{932EC50B-F968-4B95-A295-D3D2EC7AD533} = {918CF200-E11E-41D6-938A-FF087ADF2753}
	EndGlobalSection
	GlobalSection(ExtensibilityGlobals) = postSolution
		SolutionGuid = {920F34DA-E784-4333-BCC7-9B51A1C98A8A}
	EndGlobalSection
EndGlobal
